
Microsoft Visual Studio Solution File, Format Version 12.00
# Visual Studio Version 16
VisualStudioVersion = 16.0.31112.23
MinimumVisualStudioVersion = 10.0.40219.1
Project("{FAE04EC0-301F-11D3-BF4B-00C04F79EFBC}") = "iMessengerCoreAPI", "iMessengerCoreAPI\iMessengerCoreAPI.csproj", "{5DC1B12F-9482-472F-953A-6FD6EF034FE9}"
EndProject
Global
	GlobalSection(SolutionConfigurationPlatforms) = preSolution
		Debug|Any CPU = Debug|Any CPU
		Release|Any CPU = Release|Any CPU
	EndGlobalSection
	GlobalSection(ProjectConfigurationPlatforms) = postSolution
		{5DC1B12F-9482-472F-953A-6FD6EF034FE9}.Debug|Any CPU.ActiveCfg = Debug|Any CPU
		{5DC1B12F-9482-472F-953A-6FD6EF034FE9}.Debug|Any CPU.Build.0 = Debug|Any CPU
		{5DC1B12F-9482-472F-953A-6FD6EF034FE9}.Release|Any CPU.ActiveCfg = Release|Any CPU
		{5DC1B12F-9482-472F-953A-6FD6EF034FE9}.Release|Any CPU.Build.0 = Release|Any CPU
	EndGlobalSection
	GlobalSection(SolutionProperties) = preSolution
		HideSolutionNode = FALSE
	EndGlobalSection
	GlobalSection(ExtensibilityGlobals) = postSolution
		SolutionGuid = {775B68A3-50E2-4349-B35C-2E538DCDB57C}
	EndGlobalSection
EndGlobal
